
Microsoft Visual Studio Solution File, Format Version 12.00
Project("{FAE04EC0-301F-11D3-BF4B-00C04F79EFBC}") = "MarketPlace", "MarketPlace\MarketPlace.csproj", "{C1D0D4EF-075D-48B3-9CA8-39DEDF30C6A0}"
EndProject
Project("{FAE04EC0-301F-11D3-BF4B-00C04F79EFBC}") = "MarketPlace.Test", "MarketPlace.Test\MarketPlace.Test.csproj", "{29DEDFF8-0448-438E-8C93-2F6B4A7CA159}"
EndProject
Global
	GlobalSection(SolutionConfigurationPlatforms) = preSolution
		Debug|Any CPU = Debug|Any CPU
		Release|Any CPU = Release|Any CPU
	EndGlobalSection
	GlobalSection(ProjectConfigurationPlatforms) = postSolution
		{C1D0D4EF-075D-48B3-9CA8-39DEDF30C6A0}.Debug|Any CPU.ActiveCfg = Debug|Any CPU
		{C1D0D4EF-075D-48B3-9CA8-39DEDF30C6A0}.Debug|Any CPU.Build.0 = Debug|Any CPU
		{C1D0D4EF-075D-48B3-9CA8-39DEDF30C6A0}.Release|Any CPU.ActiveCfg = Release|Any CPU
		{C1D0D4EF-075D-48B3-9CA8-39DEDF30C6A0}.Release|Any CPU.Build.0 = Release|Any CPU
		{29DEDFF8-0448-438E-8C93-2F6B4A7CA159}.Debug|Any CPU.ActiveCfg = Debug|Any CPU
		{29DEDFF8-0448-438E-8C93-2F6B4A7CA159}.Debug|Any CPU.Build.0 = Debug|Any CPU
		{29DEDFF8-0448-438E-8C93-2F6B4A7CA159}.Release|Any CPU.ActiveCfg = Release|Any CPU
		{29DEDFF8-0448-438E-8C93-2F6B4A7CA159}.Release|Any CPU.Build.0 = Release|Any CPU
	EndGlobalSection
EndGlobal
